
Microsoft Visual Studio Solution File, Format Version 12.00
# Visual Studio Version 17
VisualStudioVersion = 17.9.34622.214
MinimumVisualStudioVersion = 10.0.40219.1
Project("{2150E333-8FDC-42A3-9474-1A3956D46DE8}") = "Solution Items", "Solution Items", "{774C4CC3-7274-4380-92A6-D9F27843ABE0}"
	ProjectSection(SolutionItems) = preProject
		ServiceUrls.txt = ServiceUrls.txt
	EndProjectSection
EndProject
Project("{2150E333-8FDC-42A3-9474-1A3956D46DE8}") = "src", "src", "{FC0732FB-9D09-4DA2-BA5C-7C01F363EB0A}"
	ProjectSection(SolutionItems) = preProject
		docker-compose.yml = docker-compose.yml
	EndProjectSection
EndProject
Project("{2150E333-8FDC-42A3-9474-1A3956D46DE8}") = "ApiGateways", "ApiGateways", "{3D506459-FA37-40F3-B795-461BC652A148}"
EndProject
Project("{2150E333-8FDC-42A3-9474-1A3956D46DE8}") = "Web", "Web", "{E9E9D234-BFC5-4446-8468-2F81EE9860A1}"
EndProject
Project("{9A19103F-16F7-4668-BE54-9A1E7A4F7556}") = "Web.Gateway", "src\ApiGateways\Web\Web.Gateway\Web.Gateway.csproj", "{96DDF3ED-17FE-4D38-A247-78AA31820BD3}"
EndProject
Project("{2150E333-8FDC-42A3-9474-1A3956D46DE8}") = "BuildingBlocks", "BuildingBlocks", "{F1C5DEA8-E534-4395-8084-5C090B24B194}"
EndProject
Project("{2150E333-8FDC-42A3-9474-1A3956D46DE8}") = "Services", "Services", "{13B00D9E-F060-4AEF-9566-14A192F058B0}"
EndProject
Project("{2150E333-8FDC-42A3-9474-1A3956D46DE8}") = "BasketService", "BasketService", "{13CD0B78-4348-4D17-AD28-7722113B4112}"
EndProject
Project("{9A19103F-16F7-4668-BE54-9A1E7A4F7556}") = "BasketService.API", "src\Services\BasketService\BasketService.API\BasketService.API.csproj", "{AF98C457-0D87-4D1E-9720-308B2F2FF10C}"
EndProject
Project("{2150E333-8FDC-42A3-9474-1A3956D46DE8}") = "CatalogService", "CatalogService", "{2E33A520-16B6-47D8-8262-42DEE6974D64}"
EndProject
Project("{9A19103F-16F7-4668-BE54-9A1E7A4F7556}") = "CatalogService.API", "src\Services\CatalogService\CatalogService.API\CatalogService.API.csproj", "{4B5D1D23-EE4C-4DD9-9EC1-2448E46F64A7}"
EndProject
Project("{2150E333-8FDC-42A3-9474-1A3956D46DE8}") = "IdentityService", "IdentityService", "{B3BD551A-1E76-4880-B7BA-4B372BE97DA0}"
EndProject
Project("{9A19103F-16F7-4668-BE54-9A1E7A4F7556}") = "IdentityService.API", "src\Services\IdentityService\IdentityService.API\IdentityService.API.csproj", "{DD23F90C-0C29-4871-8900-4A9A8A61001F}"
EndProject
Project("{2150E333-8FDC-42A3-9474-1A3956D46DE8}") = "NotificationService", "NotificationService", "{D3176BF3-37C9-46C6-9480-9A859F30D672}"
EndProject
Project("{9A19103F-16F7-4668-BE54-9A1E7A4F7556}") = "NotificationService.API", "src\Services\NotificationService\NotificationService.API\NotificationService.API.csproj", "{34B698E6-EDF7-4E75-A0A6-3E0503FE34A3}"
EndProject
Project("{2150E333-8FDC-42A3-9474-1A3956D46DE8}") = "OrderService", "OrderService", "{32DA422E-D60D-47E4-9053-3EB02F1E8A0D}"
EndProject
Project("{9A19103F-16F7-4668-BE54-9A1E7A4F7556}") = "OrderService.API", "src\Services\OrderService\OrderService.API\OrderService.API.csproj", "{65242781-253D-48DF-AEC3-65B4551A915D}"
EndProject
Project("{9A19103F-16F7-4668-BE54-9A1E7A4F7556}") = "OrderService.Application", "src\Services\OrderService\OrderService.Application\OrderService.Application.csproj", "{FF82441F-8AD4-43E1-A1C8-4D5019CD7203}"
EndProject
Project("{9A19103F-16F7-4668-BE54-9A1E7A4F7556}") = "OrderService.Domain", "src\Services\OrderService\OrderService.Domain\OrderService.Domain.csproj", "{18F19812-1B23-4E38-B719-1D6C8372792A}"
EndProject
Project("{9A19103F-16F7-4668-BE54-9A1E7A4F7556}") = "OrderService.Infrastructure", "src\Services\OrderService\OrderService.Infrastructure\OrderService.Infrastructure.csproj", "{31597CFF-D5DB-4222-92D0-B545741BFB34}"
EndProject
Project("{2150E333-8FDC-42A3-9474-1A3956D46DE8}") = "PaymentService", "PaymentService", "{FBED0EFB-55C7-4074-AD73-ABE0C792D3D7}"
EndProject
Project("{9A19103F-16F7-4668-BE54-9A1E7A4F7556}") = "PaymentService.API", "src\Services\PaymentService\PaymentService.API\PaymentService.API.csproj", "{1A4C2906-FC05-4D5F-BF64-6F6A12ED4DFA}"
EndProject
Project("{2150E333-8FDC-42A3-9474-1A3956D46DE8}") = "StorageService", "StorageService", "{01AB2FB4-3207-41C1-BF75-D5C03759B53B}"
EndProject
Project("{9A19103F-16F7-4668-BE54-9A1E7A4F7556}") = "StorageServie.API", "src\Services\StorageServie\StorageServie.API\StorageServie.API.csproj", "{1E556457-33C9-4BD1-90A3-24903B61B0CC}"
EndProject
Project("{2150E333-8FDC-42A3-9474-1A3956D46DE8}") = "CommentService", "CommentService", "{8C751984-0913-4988-AC91-916EA0AD3B71}"
EndProject
Project("{9A19103F-16F7-4668-BE54-9A1E7A4F7556}") = "CommentService.API", "src\Services\CommentService\CommentService\CommentService.API.csproj", "{FF602679-BD07-4DDA-B524-B8634F77F77C}"
EndProject
Project("{FAE04EC0-301F-11D3-BF4B-00C04F79EFBC}") = "EventBus.MassTransit", "src\BuildingBlocks\EventBus.MassTransit\EventBus.MassTransit\EventBus.MassTransit.csproj", "{049355AD-2FBB-44B6-87FA-BFD9E3AB0A5B}"
EndProject
Global
	GlobalSection(SolutionConfigurationPlatforms) = preSolution
		Debug|Any CPU = Debug|Any CPU
		Release|Any CPU = Release|Any CPU
	EndGlobalSection
	GlobalSection(ProjectConfigurationPlatforms) = postSolution
		{96DDF3ED-17FE-4D38-A247-78AA31820BD3}.Debug|Any CPU.ActiveCfg = Debug|Any CPU
		{96DDF3ED-17FE-4D38-A247-78AA31820BD3}.Debug|Any CPU.Build.0 = Debug|Any CPU
		{96DDF3ED-17FE-4D38-A247-78AA31820BD3}.Release|Any CPU.ActiveCfg = Release|Any CPU
		{96DDF3ED-17FE-4D38-A247-78AA31820BD3}.Release|Any CPU.Build.0 = Release|Any CPU
		{AF98C457-0D87-4D1E-9720-308B2F2FF10C}.Debug|Any CPU.ActiveCfg = Debug|Any CPU
		{AF98C457-0D87-4D1E-9720-308B2F2FF10C}.Debug|Any CPU.Build.0 = Debug|Any CPU
		{AF98C457-0D87-4D1E-9720-308B2F2FF10C}.Release|Any CPU.ActiveCfg = Release|Any CPU
		{AF98C457-0D87-4D1E-9720-308B2F2FF10C}.Release|Any CPU.Build.0 = Release|Any CPU
		{4B5D1D23-EE4C-4DD9-9EC1-2448E46F64A7}.Debug|Any CPU.ActiveCfg = Debug|Any CPU
		{4B5D1D23-EE4C-4DD9-9EC1-2448E46F64A7}.Debug|Any CPU.Build.0 = Debug|Any CPU
		{4B5D1D23-EE4C-4DD9-9EC1-2448E46F64A7}.Release|Any CPU.ActiveCfg = Release|Any CPU
		{4B5D1D23-EE4C-4DD9-9EC1-2448E46F64A7}.Release|Any CPU.Build.0 = Release|Any CPU
		{DD23F90C-0C29-4871-8900-4A9A8A61001F}.Debug|Any CPU.ActiveCfg = Debug|Any CPU
		{DD23F90C-0C29-4871-8900-4A9A8A61001F}.Debug|Any CPU.Build.0 = Debug|Any CPU
		{DD23F90C-0C29-4871-8900-4A9A8A61001F}.Release|Any CPU.ActiveCfg = Release|Any CPU
		{DD23F90C-0C29-4871-8900-4A9A8A61001F}.Release|Any CPU.Build.0 = Release|Any CPU
		{34B698E6-EDF7-4E75-A0A6-3E0503FE34A3}.Debug|Any CPU.ActiveCfg = Debug|Any CPU
		{34B698E6-EDF7-4E75-A0A6-3E0503FE34A3}.Debug|Any CPU.Build.0 = Debug|Any CPU
		{34B698E6-EDF7-4E75-A0A6-3E0503FE34A3}.Release|Any CPU.ActiveCfg = Release|Any CPU
		{34B698E6-EDF7-4E75-A0A6-3E0503FE34A3}.Release|Any CPU.Build.0 = Release|Any CPU
		{65242781-253D-48DF-AEC3-65B4551A915D}.Debug|Any CPU.ActiveCfg = Debug|Any CPU
		{65242781-253D-48DF-AEC3-65B4551A915D}.Debug|Any CPU.Build.0 = Debug|Any CPU
		{65242781-253D-48DF-AEC3-65B4551A915D}.Release|Any CPU.ActiveCfg = Release|Any CPU
		{65242781-253D-48DF-AEC3-65B4551A915D}.Release|Any CPU.Build.0 = Release|Any CPU
		{FF82441F-8AD4-43E1-A1C8-4D5019CD7203}.Debug|Any CPU.ActiveCfg = Debug|Any CPU
		{FF82441F-8AD4-43E1-A1C8-4D5019CD7203}.Debug|Any CPU.Build.0 = Debug|Any CPU
		{FF82441F-8AD4-43E1-A1C8-4D5019CD7203}.Release|Any CPU.ActiveCfg = Release|Any CPU
		{FF82441F-8AD4-43E1-A1C8-4D5019CD7203}.Release|Any CPU.Build.0 = Release|Any CPU
		{18F19812-1B23-4E38-B719-1D6C8372792A}.Debug|Any CPU.ActiveCfg = Debug|Any CPU
		{18F19812-1B23-4E38-B719-1D6C8372792A}.Debug|Any CPU.Build.0 = Debug|Any CPU
		{18F19812-1B23-4E38-B719-1D6C8372792A}.Release|Any CPU.ActiveCfg = Release|Any CPU
		{18F19812-1B23-4E38-B719-1D6C8372792A}.Release|Any CPU.Build.0 = Release|Any CPU
		{31597CFF-D5DB-4222-92D0-B545741BFB34}.Debug|Any CPU.ActiveCfg = Debug|Any CPU
		{31597CFF-D5DB-4222-92D0-B545741BFB34}.Debug|Any CPU.Build.0 = Debug|Any CPU
		{31597CFF-D5DB-4222-92D0-B545741BFB34}.Release|Any CPU.ActiveCfg = Release|Any CPU
		{31597CFF-D5DB-4222-92D0-B545741BFB34}.Release|Any CPU.Build.0 = Release|Any CPU
		{1A4C2906-FC05-4D5F-BF64-6F6A12ED4DFA}.Debug|Any CPU.ActiveCfg = Debug|Any CPU
		{1A4C2906-FC05-4D5F-BF64-6F6A12ED4DFA}.Debug|Any CPU.Build.0 = Debug|Any CPU
		{1A4C2906-FC05-4D5F-BF64-6F6A12ED4DFA}.Release|Any CPU.ActiveCfg = Release|Any CPU
		{1A4C2906-FC05-4D5F-BF64-6F6A12ED4DFA}.Release|Any CPU.Build.0 = Release|Any CPU
		{1E556457-33C9-4BD1-90A3-24903B61B0CC}.Debug|Any CPU.ActiveCfg = Debug|Any CPU
		{1E556457-33C9-4BD1-90A3-24903B61B0CC}.Debug|Any CPU.Build.0 = Debug|Any CPU
		{1E556457-33C9-4BD1-90A3-24903B61B0CC}.Release|Any CPU.ActiveCfg = Release|Any CPU
		{1E556457-33C9-4BD1-90A3-24903B61B0CC}.Release|Any CPU.Build.0 = Release|Any CPU
		{FF602679-BD07-4DDA-B524-B8634F77F77C}.Debug|Any CPU.ActiveCfg = Debug|Any CPU
		{FF602679-BD07-4DDA-B524-B8634F77F77C}.Debug|Any CPU.Build.0 = Debug|Any CPU
		{FF602679-BD07-4DDA-B524-B8634F77F77C}.Release|Any CPU.ActiveCfg = Release|Any CPU
		{FF602679-BD07-4DDA-B524-B8634F77F77C}.Release|Any CPU.Build.0 = Release|Any CPU
		{049355AD-2FBB-44B6-87FA-BFD9E3AB0A5B}.Debug|Any CPU.ActiveCfg = Debug|Any CPU
		{049355AD-2FBB-44B6-87FA-BFD9E3AB0A5B}.Debug|Any CPU.Build.0 = Debug|Any CPU
		{049355AD-2FBB-44B6-87FA-BFD9E3AB0A5B}.Release|Any CPU.ActiveCfg = Release|Any CPU
		{049355AD-2FBB-44B6-87FA-BFD9E3AB0A5B}.Release|Any CPU.Build.0 = Release|Any CPU
	EndGlobalSection
	GlobalSection(SolutionProperties) = preSolution
		HideSolutionNode = FALSE
	EndGlobalSection
	GlobalSection(NestedProjects) = preSolution
		{3D506459-FA37-40F3-B795-461BC652A148} = {FC0732FB-9D09-4DA2-BA5C-7C01F363EB0A}
		{E9E9D234-BFC5-4446-8468-2F81EE9860A1} = {3D506459-FA37-40F3-B795-461BC652A148}
		{96DDF3ED-17FE-4D38-A247-78AA31820BD3} = {E9E9D234-BFC5-4446-8468-2F81EE9860A1}
		{F1C5DEA8-E534-4395-8084-5C090B24B194} = {FC0732FB-9D09-4DA2-BA5C-7C01F363EB0A}
		{13B00D9E-F060-4AEF-9566-14A192F058B0} = {FC0732FB-9D09-4DA2-BA5C-7C01F363EB0A}
		{13CD0B78-4348-4D17-AD28-7722113B4112} = {13B00D9E-F060-4AEF-9566-14A192F058B0}
		{AF98C457-0D87-4D1E-9720-308B2F2FF10C} = {13CD0B78-4348-4D17-AD28-7722113B4112}
		{2E33A520-16B6-47D8-8262-42DEE6974D64} = {13B00D9E-F060-4AEF-9566-14A192F058B0}
		{4B5D1D23-EE4C-4DD9-9EC1-2448E46F64A7} = {2E33A520-16B6-47D8-8262-42DEE6974D64}
		{B3BD551A-1E76-4880-B7BA-4B372BE97DA0} = {13B00D9E-F060-4AEF-9566-14A192F058B0}
		{DD23F90C-0C29-4871-8900-4A9A8A61001F} = {B3BD551A-1E76-4880-B7BA-4B372BE97DA0}
		{D3176BF3-37C9-46C6-9480-9A859F30D672} = {13B00D9E-F060-4AEF-9566-14A192F058B0}
		{34B698E6-EDF7-4E75-A0A6-3E0503FE34A3} = {D3176BF3-37C9-46C6-9480-9A859F30D672}
		{32DA422E-D60D-47E4-9053-3EB02F1E8A0D} = {13B00D9E-F060-4AEF-9566-14A192F058B0}
		{65242781-253D-48DF-AEC3-65B4551A915D} = {32DA422E-D60D-47E4-9053-3EB02F1E8A0D}
		{FF82441F-8AD4-43E1-A1C8-4D5019CD7203} = {32DA422E-D60D-47E4-9053-3EB02F1E8A0D}
		{18F19812-1B23-4E38-B719-1D6C8372792A} = {32DA422E-D60D-47E4-9053-3EB02F1E8A0D}
		{31597CFF-D5DB-4222-92D0-B545741BFB34} = {32DA422E-D60D-47E4-9053-3EB02F1E8A0D}
		{FBED0EFB-55C7-4074-AD73-ABE0C792D3D7} = {13B00D9E-F060-4AEF-9566-14A192F058B0}
		{1A4C2906-FC05-4D5F-BF64-6F6A12ED4DFA} = {FBED0EFB-55C7-4074-AD73-ABE0C792D3D7}
		{01AB2FB4-3207-41C1-BF75-D5C03759B53B} = {13B00D9E-F060-4AEF-9566-14A192F058B0}
		{1E556457-33C9-4BD1-90A3-24903B61B0CC} = {01AB2FB4-3207-41C1-BF75-D5C03759B53B}
		{8C751984-0913-4988-AC91-916EA0AD3B71} = {13B00D9E-F060-4AEF-9566-14A192F058B0}
		{FF602679-BD07-4DDA-B524-B8634F77F77C} = {8C751984-0913-4988-AC91-916EA0AD3B71}
		{049355AD-2FBB-44B6-87FA-BFD9E3AB0A5B} = {F1C5DEA8-E534-4395-8084-5C090B24B194}
	EndGlobalSection
	GlobalSection(ExtensibilityGlobals) = postSolution
		SolutionGuid = {8D78B923-879F-435E-A167-62D4A3CBE44E}
	EndGlobalSection
EndGlobal
